
Microsoft Visual Studio Solution File, Format Version 12.00
# Visual Studio 15
VisualStudioVersion = 15.0.27130.2026
MinimumVisualStudioVersion = 10.0.40219.1
Project("{FAE04EC0-301F-11D3-BF4B-00C04F79EFBC}") = "WPFUserControlsRaf", "WPFUserControlsRaf\WPFUserControlsRaf.csproj", "{973C5A25-03E2-4006-9914-664070B47D1E}"
EndProject
Project("{FAE04EC0-301F-11D3-BF4B-00C04F79EFBC}") = "UserControlsTEST", "UserControlsTEST\UserControlsTEST.csproj", "{B8F94D31-EE99-4178-8328-4DDF6DA0F3D3}"
EndProject
Global
	GlobalSection(SolutionConfigurationPlatforms) = preSolution
		Debug|Any CPU = Debug|Any CPU
		Release|Any CPU = Release|Any CPU
	EndGlobalSection
	GlobalSection(ProjectConfigurationPlatforms) = postSolution
		{973C5A25-03E2-4006-9914-664070B47D1E}.Debug|Any CPU.ActiveCfg = Debug|Any CPU
		{973C5A25-03E2-4006-9914-664070B47D1E}.Debug|Any CPU.Build.0 = Debug|Any CPU
		{973C5A25-03E2-4006-9914-664070B47D1E}.Release|Any CPU.ActiveCfg = Release|Any CPU
		{973C5A25-03E2-4006-9914-664070B47D1E}.Release|Any CPU.Build.0 = Release|Any CPU
		{B8F94D31-EE99-4178-8328-4DDF6DA0F3D3}.Debug|Any CPU.ActiveCfg = Debug|Any CPU
		{B8F94D31-EE99-4178-8328-4DDF6DA0F3D3}.Debug|Any CPU.Build.0 = Debug|Any CPU
		{B8F94D31-EE99-4178-8328-4DDF6DA0F3D3}.Release|Any CPU.ActiveCfg = Release|Any CPU
		{B8F94D31-EE99-4178-8328-4DDF6DA0F3D3}.Release|Any CPU.Build.0 = Release|Any CPU
	EndGlobalSection
	GlobalSection(SolutionProperties) = preSolution
		HideSolutionNode = FALSE
	EndGlobalSection
	GlobalSection(ExtensibilityGlobals) = postSolution
		SolutionGuid = {BBC2FA71-EC25-4D68-9653-673C5205F3E3}
	EndGlobalSection
EndGlobal
